
Microsoft Visual Studio Solution File, Format Version 12.00
# Visual Studio Version 16
VisualStudioVersion = 16.0.29326.143
MinimumVisualStudioVersion = 10.0.40219.1
Project("{9A19103F-16F7-4668-BE54-9A1E7A4F7556}") = "Demo", "Demo\Demo.csproj", "{162664FE-0123-4E07-B7D6-933479798C6C}"
EndProject
Project("{FAE04EC0-301F-11D3-BF4B-00C04F79EFBC}") = "DemoTest", "DemoTest\DemoTest.csproj", "{001D5C8D-22F7-4471-95C2-F2A65E44CA7A}"
EndProject
Global
	GlobalSection(SolutionConfigurationPlatforms) = preSolution
		Debug|Any CPU = Debug|Any CPU
		Release|Any CPU = Release|Any CPU
	EndGlobalSection
	GlobalSection(ProjectConfigurationPlatforms) = postSolution
		{162664FE-0123-4E07-B7D6-933479798C6C}.Debug|Any CPU.ActiveCfg = Debug|Any CPU
		{162664FE-0123-4E07-B7D6-933479798C6C}.Debug|Any CPU.Build.0 = Debug|Any CPU
		{162664FE-0123-4E07-B7D6-933479798C6C}.Release|Any CPU.ActiveCfg = Release|Any CPU
		{162664FE-0123-4E07-B7D6-933479798C6C}.Release|Any CPU.Build.0 = Release|Any CPU
		{001D5C8D-22F7-4471-95C2-F2A65E44CA7A}.Debug|Any CPU.ActiveCfg = Debug|Any CPU
		{001D5C8D-22F7-4471-95C2-F2A65E44CA7A}.Debug|Any CPU.Build.0 = Debug|Any CPU
		{001D5C8D-22F7-4471-95C2-F2A65E44CA7A}.Release|Any CPU.ActiveCfg = Release|Any CPU
		{001D5C8D-22F7-4471-95C2-F2A65E44CA7A}.Release|Any CPU.Build.0 = Release|Any CPU
	EndGlobalSection
	GlobalSection(SolutionProperties) = preSolution
		HideSolutionNode = FALSE
	EndGlobalSection
	GlobalSection(ExtensibilityGlobals) = postSolution
		SolutionGuid = {19BB603E-7C19-45F0-9C65-18E7EBAE1867}
	EndGlobalSection
EndGlobal
